
Microsoft Visual Studio Solution File, Format Version 12.00
# Visual Studio Version 17
VisualStudioVersion = 17.14.36202.13
MinimumVisualStudioVersion = 10.0.40219.1
Project("{54A90642-561A-4BB1-A94E-469ADEE60C69}") = "player.dynode", "PLAYER.Dynode\player.dynode.esproj", "{6953301F-AF1D-0535-70C3-0766986F8D74}"
EndProject
Project("{54A90642-561A-4BB1-A94E-469ADEE60C69}") = "api.dynode", "api.dynode\api.dynode.esproj", "{B2B516F7-9DBE-6325-BAA7-D678BA5299A3}"
EndProject
Global
	GlobalSection(SolutionConfigurationPlatforms) = preSolution
		Debug|Any CPU = Debug|Any CPU
		Release|Any CPU = Release|Any CPU
	EndGlobalSection
	GlobalSection(ProjectConfigurationPlatforms) = postSolution
		{6953301F-AF1D-0535-70C3-0766986F8D74}.Debug|Any CPU.ActiveCfg = Debug|Any CPU
		{6953301F-AF1D-0535-70C3-0766986F8D74}.Debug|Any CPU.Build.0 = Debug|Any CPU
		{6953301F-AF1D-0535-70C3-0766986F8D74}.Debug|Any CPU.Deploy.0 = Debug|Any CPU
		{6953301F-AF1D-0535-70C3-0766986F8D74}.Release|Any CPU.ActiveCfg = Release|Any CPU
		{6953301F-AF1D-0535-70C3-0766986F8D74}.Release|Any CPU.Build.0 = Release|Any CPU
		{6953301F-AF1D-0535-70C3-0766986F8D74}.Release|Any CPU.Deploy.0 = Release|Any CPU
		{B2B516F7-9DBE-6325-BAA7-D678BA5299A3}.Debug|Any CPU.ActiveCfg = Debug|Any CPU
		{B2B516F7-9DBE-6325-BAA7-D678BA5299A3}.Debug|Any CPU.Build.0 = Debug|Any CPU
		{B2B516F7-9DBE-6325-BAA7-D678BA5299A3}.Debug|Any CPU.Deploy.0 = Debug|Any CPU
		{B2B516F7-9DBE-6325-BAA7-D678BA5299A3}.Release|Any CPU.ActiveCfg = Release|Any CPU
		{B2B516F7-9DBE-6325-BAA7-D678BA5299A3}.Release|Any CPU.Build.0 = Release|Any CPU
		{B2B516F7-9DBE-6325-BAA7-D678BA5299A3}.Release|Any CPU.Deploy.0 = Release|Any CPU
	EndGlobalSection
	GlobalSection(SolutionProperties) = preSolution
		HideSolutionNode = FALSE
	EndGlobalSection
	GlobalSection(ExtensibilityGlobals) = postSolution
		SolutionGuid = {DA1593AB-CBF5-4583-ADC1-A06612DCA44E}
	EndGlobalSection
EndGlobal
